// !$*UTF8*$!
{
	archiveVersion = 1;
	classes = {
	};
	objectVersion = 56;
	objects = {

/* Begin PBXBuildFile section */
		D121E7D3297D84590050A253 /* AppDelegate.swift in Sources */ = {isa = PBXBuildFile; fileRef = D121E7D2297D84590050A253 /* AppDelegate.swift */; };
		D121E7D5297D84590050A253 /* GameScene.sks in Resources */ = {isa = PBXBuildFile; fileRef = D121E7D4297D84590050A253 /* GameScene.sks */; };
		D121E7D9297D84590050A253 /* GameScene.swift in Sources */ = {isa = PBXBuildFile; fileRef = D121E7D8297D84590050A253 /* GameScene.swift */; };
		D121E7DB297D84590050A253 /* GameViewController.swift in Sources */ = {isa = PBXBuildFile; fileRef = D121E7DA297D84590050A253 /* GameViewController.swift */; };
		D121E7DE297D84590050A253 /* Main.storyboard in Resources */ = {isa = PBXBuildFile; fileRef = D121E7DC297D84590050A253 /* Main.storyboard */; };
		D121E7E0297D845A0050A253 /* Assets.xcassets in Resources */ = {isa = PBXBuildFile; fileRef = D121E7DF297D845A0050A253 /* Assets.xcassets */; };
		D121E7E3297D845A0050A253 /* LaunchScreen.storyboard in Resources */ = {isa = PBXBuildFile; fileRef = D121E7E1297D845A0050A253 /* LaunchScreen.storyboard */; };
		D121E7FE297D8B9E0050A253 /* plane3.png in Resources */ = {isa = PBXBuildFile; fileRef = D121E7EB297D8B9E0050A253 /* plane3.png */; };
		D121E7FF297D8B9E0050A253 /* plane2.png in Resources */ = {isa = PBXBuildFile; fileRef = D121E7EC297D8B9E0050A253 /* plane2.png */; };
		D121E800297D8B9E0050A253 /* plane1.png in Resources */ = {isa = PBXBuildFile; fileRef = D121E7ED297D8B9E0050A253 /* plane1.png */; };
		D121E801297D8B9E0050A253 /* backButton.png in Resources */ = {isa = PBXBuildFile; fileRef = D121E7EE297D8B9E0050A253 /* backButton.png */; };
		D121E802297D8B9E0050A253 /* plane.png in Resources */ = {isa = PBXBuildFile; fileRef = D121E7EF297D8B9E0050A253 /* plane.png */; };
		D121E803297D8B9E0050A253 /* island.png in Resources */ = {isa = PBXBuildFile; fileRef = D121E7F0297D8B9E0050A253 /* island.png */; };
		D121E805297D8B9E0050A253 /* cloud.png in Resources */ = {isa = PBXBuildFile; fileRef = D121E7F2297D8B9E0050A253 /* cloud.png */; };
		D121E806297D8B9E0050A253 /* nextButton.png in Resources */ = {isa = PBXBuildFile; fileRef = D121E7F3297D8B9E0050A253 /* nextButton.png */; };
		D121E807297D8B9E0050A253 /* startButton.png in Resources */ = {isa = PBXBuildFile; fileRef = D121E7F4297D8B9E0050A253 /* startButton.png */; };
		D121E808297D8B9E0050A253 /* thunder.ogg in Resources */ = {isa = PBXBuildFile; fileRef = D121E7F6297D8B9E0050A253 /* thunder.ogg */; };
		D121E809297D8B9E0050A253 /* yay.ogg in Resources */ = {isa = PBXBuildFile; fileRef = D121E7F7297D8B9E0050A253 /* yay.ogg */; };
		D121E80A297D8B9E0050A253 /* engine.ogg in Resources */ = {isa = PBXBuildFile; fileRef = D121E7F8297D8B9E0050A253 /* engine.ogg */; };
		D121E80B297D8B9E0050A253 /* engine.mp3 in Resources */ = {isa = PBXBuildFile; fileRef = D121E7F9297D8B9E0050A253 /* engine.mp3 */; };
		D121E80C297D8B9E0050A253 /* thunder.mp3 in Resources */ = {isa = PBXBuildFile; fileRef = D121E7FA297D8B9E0050A253 /* thunder.mp3 */; };
		D121E80D297D8B9E0050A253 /* yay.mp3 in Resources */ = {isa = PBXBuildFile; fileRef = D121E7FB297D8B9E0050A253 /* yay.mp3 */; };
		D121E80E297D8B9E0050A253 /* Dock51.ttf in Resources */ = {isa = PBXBuildFile; fileRef = D121E7FD297D8B9E0050A253 /* Dock51.ttf */; };
		D121E813297DD43E0050A253 /* GameObject.swift in Sources */ = {isa = PBXBuildFile; fileRef = D121E812297DD43E0050A253 /* GameObject.swift */; };
		D121E815297DDAC80050A253 /* GameProtocol.swift in Sources */ = {isa = PBXBuildFile; fileRef = D121E814297DDAC80050A253 /* GameProtocol.swift */; };
		D121E818297DDCFD0050A253 /* Ocean1.swift in Sources */ = {isa = PBXBuildFile; fileRef = D121E817297DDCFD0050A253 /* Ocean1.swift */; };
		D121E81A297DDE060050A253 /* ocean.png in Resources */ = {isa = PBXBuildFile; fileRef = D121E819297DDE060050A253 /* ocean.png */; };
		D121E81C297DE5CA0050A253 /* Player.swift in Sources */ = {isa = PBXBuildFile; fileRef = D121E81B297DE5CA0050A253 /* Player.swift */; };
/* End PBXBuildFile section */

/* Begin PBXFileReference section */
		D121E7CF297D84590050A253 /* Lab_1.app */ = {isa = PBXFileReference; explicitFileType = wrapper.application; includeInIndex = 0; path = Lab_1.app; sourceTree = BUILT_PRODUCTS_DIR; };
		D121E7D2297D84590050A253 /* AppDelegate.swift */ = {isa = PBXFileReference; lastKnownFileType = sourcecode.swift; path = AppDelegate.swift; sourceTree = "<group>"; };
		D121E7D4297D84590050A253 /* GameScene.sks */ = {isa = PBXFileReference; lastKnownFileType = file.sks; path = GameScene.sks; sourceTree = "<group>"; };
		D121E7D8297D84590050A253 /* GameScene.swift */ = {isa = PBXFileReference; lastKnownFileType = sourcecode.swift; path = GameScene.swift; sourceTree = "<group>"; };
		D121E7DA297D84590050A253 /* GameViewController.swift */ = {isa = PBXFileReference; lastKnownFileType = sourcecode.swift; path = GameViewController.swift; sourceTree = "<group>"; };
		D121E7DD297D84590050A253 /* Base */ = {isa = PBXFileReference; lastKnownFileType = file.storyboard; name = Base; path = Base.lproj/Main.storyboard; sourceTree = "<group>"; };
		D121E7DF297D845A0050A253 /* Assets.xcassets */ = {isa = PBXFileReference; lastKnownFileType = folder.assetcatalog; path = Assets.xcassets; sourceTree = "<group>"; };
		D121E7E2297D845A0050A253 /* Base */ = {isa = PBXFileReference; lastKnownFileType = file.storyboard; name = Base; path = Base.lproj/LaunchScreen.storyboard; sourceTree = "<group>"; };
		D121E7EB297D8B9E0050A253 /* plane3.png */ = {isa = PBXFileReference; lastKnownFileType = image.png; path = plane3.png; sourceTree = "<group>"; };
		D121E7EC297D8B9E0050A253 /* plane2.png */ = {isa = PBXFileReference; lastKnownFileType = image.png; path = plane2.png; sourceTree = "<group>"; };
		D121E7ED297D8B9E0050A253 /* plane1.png */ = {isa = PBXFileReference; lastKnownFileType = image.png; path = plane1.png; sourceTree = "<group>"; };
		D121E7EE297D8B9E0050A253 /* backButton.png */ = {isa = PBXFileReference; lastKnownFileType = image.png; path = backButton.png; sourceTree = "<group>"; };
		D121E7EF297D8B9E0050A253 /* plane.png */ = {isa = PBXFileReference; lastKnownFileType = image.png; path = plane.png; sourceTree = "<group>"; };
		D121E7F0297D8B9E0050A253 /* island.png */ = {isa = PBXFileReference; lastKnownFileType = image.png; path = island.png; sourceTree = "<group>"; };
		D121E7F2297D8B9E0050A253 /* cloud.png */ = {isa = PBXFileReference; lastKnownFileType = image.png; path = cloud.png; sourceTree = "<group>"; };
		D121E7F3297D8B9E0050A253 /* nextButton.png */ = {isa = PBXFileReference; lastKnownFileType = image.png; path = nextButton.png; sourceTree = "<group>"; };
		D121E7F4297D8B9E0050A253 /* startButton.png */ = {isa = PBXFileReference; lastKnownFileType = image.png; path = startButton.png; sourceTree = "<group>"; };
		D121E7F6297D8B9E0050A253 /* thunder.ogg */ = {isa = PBXFileReference; lastKnownFileType = file; path = thunder.ogg; sourceTree = "<group>"; };
		D121E7F7297D8B9E0050A253 /* yay.ogg */ = {isa = PBXFileReference; lastKnownFileType = file; path = yay.ogg; sourceTree = "<group>"; };
		D121E7F8297D8B9E0050A253 /* engine.ogg */ = {isa = PBXFileReference; lastKnownFileType = file; path = engine.ogg; sourceTree = "<group>"; };
		D121E7F9297D8B9E0050A253 /* engine.mp3 */ = {isa = PBXFileReference; lastKnownFileType = audio.mp3; path = engine.mp3; sourceTree = "<group>"; };
		D121E7FA297D8B9E0050A253 /* thunder.mp3 */ = {isa = PBXFileReference; lastKnownFileType = audio.mp3; path = thunder.mp3; sourceTree = "<group>"; };
		D121E7FB297D8B9E0050A253 /* yay.mp3 */ = {isa = PBXFileReference; lastKnownFileType = audio.mp3; path = yay.mp3; sourceTree = "<group>"; };
		D121E7FD297D8B9E0050A253 /* Dock51.ttf */ = {isa = PBXFileReference; lastKnownFileType = file; path = Dock51.ttf; sourceTree = "<group>"; };
		D121E812297DD43E0050A253 /* GameObject.swift */ = {isa = PBXFileReference; lastKnownFileType = sourcecode.swift; path = GameObject.swift; sourceTree = "<group>"; };
		D121E814297DDAC80050A253 /* GameProtocol.swift */ = {isa = PBXFileReference; lastKnownFileType = sourcecode.swift; path = GameProtocol.swift; sourceTree = "<group>"; };
		D121E817297DDCFD0050A253 /* Ocean1.swift */ = {isa = PBXFileReference; lastKnownFileType = sourcecode.swift; path = Ocean1.swift; sourceTree = "<group>"; };
		D121E819297DDE060050A253 /* ocean.png */ = {isa = PBXFileReference; lastKnownFileType = image.png; name = ocean.png; path = ../../ocean.png; sourceTree = "<group>"; };
		D121E81B297DE5CA0050A253 /* Player.swift */ = {isa = PBXFileReference; lastKnownFileType = sourcecode.swift; path = Player.swift; sourceTree = "<group>"; };
/* End PBXFileReference section */

/* Begin PBXFrameworksBuildPhase section */
		D121E7CC297D84590050A253 /* Frameworks */ = {
			isa = PBXFrameworksBuildPhase;
			buildActionMask = 2147483647;
			files = (
			);
			runOnlyForDeploymentPostprocessing = 0;
		};
/* End PBXFrameworksBuildPhase section */

/* Begin PBXGroup section */
		D121E7C6297D84590050A253 = {
			isa = PBXGroup;
			children = (
				D121E7D1297D84590050A253 /* Lab_1 */,
				D121E7D0297D84590050A253 /* Products */,
			);
			sourceTree = "<group>";
		};
		D121E7D0297D84590050A253 /* Products */ = {
			isa = PBXGroup;
			children = (
				D121E7CF297D84590050A253 /* Lab_1.app */,
			);
			name = Products;
			sourceTree = "<group>";
		};
		D121E7D1297D84590050A253 /* Lab_1 */ = {
			isa = PBXGroup;
			children = (
				D121E816297DDCBA0050A253 /* GameObjects */,
				D121E811297DD40F0050A253 /* Core */,
				D121E7E9297D8B9E0050A253 /* Assets */,
				D121E7D2297D84590050A253 /* AppDelegate.swift */,
				D121E7D4297D84590050A253 /* GameScene.sks */,
				D121E7D8297D84590050A253 /* GameScene.swift */,
				D121E7DA297D84590050A253 /* GameViewController.swift */,
				D121E7DC297D84590050A253 /* Main.storyboard */,
				D121E7DF297D845A0050A253 /* Assets.xcassets */,
				D121E7E1297D845A0050A253 /* LaunchScreen.storyboard */,
			);
			path = Lab_1;
			sourceTree = "<group>";
		};
		D121E7E9297D8B9E0050A253 /* Assets */ = {
			isa = PBXGroup;
			children = (
				D121E7EA297D8B9E0050A253 /* images */,
				D121E7F5297D8B9E0050A253 /* audio */,
				D121E7FC297D8B9E0050A253 /* fonts */,
			);
			name = Assets;
			path = ../../../../../../../Downloads/Assets;
			sourceTree = "<group>";
		};
		D121E7EA297D8B9E0050A253 /* images */ = {
			isa = PBXGroup;
			children = (
				D121E7EB297D8B9E0050A253 /* plane3.png */,
				D121E7EC297D8B9E0050A253 /* plane2.png */,
				D121E7ED297D8B9E0050A253 /* plane1.png */,
				D121E7EE297D8B9E0050A253 /* backButton.png */,
				D121E7EF297D8B9E0050A253 /* plane.png */,
				D121E819297DDE060050A253 /* ocean.png */,
				D121E7F0297D8B9E0050A253 /* island.png */,
				D121E7F2297D8B9E0050A253 /* cloud.png */,
				D121E7F3297D8B9E0050A253 /* nextButton.png */,
				D121E7F4297D8B9E0050A253 /* startButton.png */,
			);
			path = images;
			sourceTree = "<group>";
		};
		D121E7F5297D8B9E0050A253 /* audio */ = {
			isa = PBXGroup;
			children = (
				D121E7F6297D8B9E0050A253 /* thunder.ogg */,
				D121E7F7297D8B9E0050A253 /* yay.ogg */,
				D121E7F8297D8B9E0050A253 /* engine.ogg */,
				D121E7F9297D8B9E0050A253 /* engine.mp3 */,
				D121E7FA297D8B9E0050A253 /* thunder.mp3 */,
				D121E7FB297D8B9E0050A253 /* yay.mp3 */,
			);
			path = audio;
			sourceTree = "<group>";
		};
		D121E7FC297D8B9E0050A253 /* fonts */ = {
			isa = PBXGroup;
			children = (
				D121E7FD297D8B9E0050A253 /* Dock51.ttf */,
			);
			path = fonts;
			sourceTree = "<group>";
		};
		D121E811297DD40F0050A253 /* Core */ = {
			isa = PBXGroup;
			children = (
				D121E812297DD43E0050A253 /* GameObject.swift */,
				D121E814297DDAC80050A253 /* GameProtocol.swift */,
			);
			path = Core;
			sourceTree = "<group>";
		};
		D121E816297DDCBA0050A253 /* GameObjects */ = {
			isa = PBXGroup;
			children = (
				D121E817297DDCFD0050A253 /* Ocean1.swift */,
				D121E81B297DE5CA0050A253 /* Player.swift */,
			);
			path = GameObjects;
			sourceTree = "<group>";
		};
/* End PBXGroup section */

/* Begin PBXNativeTarget section */
		D121E7CE297D84590050A253 /* Lab_1 */ = {
			isa = PBXNativeTarget;
			buildConfigurationList = D121E7E6297D845A0050A253 /* Build configuration list for PBXNativeTarget "Lab_1" */;
			buildPhases = (
				D121E7CB297D84590050A253 /* Sources */,
				D121E7CC297D84590050A253 /* Frameworks */,
				D121E7CD297D84590050A253 /* Resources */,
			);
			buildRules = (
			);
			dependencies = (
			);
			name = Lab_1;
			productName = Lab_1;
			productReference = D121E7CF297D84590050A253 /* Lab_1.app */;
			productType = "com.apple.product-type.application";
		};
/* End PBXNativeTarget section */

/* Begin PBXProject section */
		D121E7C7297D84590050A253 /* Project object */ = {
			isa = PBXProject;
			attributes = {
				BuildIndependentTargetsInParallel = 1;
				LastSwiftUpdateCheck = 1420;
				LastUpgradeCheck = 1420;
				TargetAttributes = {
					D121E7CE297D84590050A253 = {
						CreatedOnToolsVersion = 14.2;
					};
				};
			};
			buildConfigurationList = D121E7CA297D84590050A253 /* Build configuration list for PBXProject "Lab_1" */;
			compatibilityVersion = "Xcode 14.0";
			developmentRegion = en;
			hasScannedForEncodings = 0;
			knownRegions = (
				en,
				Base,
			);
			mainGroup = D121E7C6297D84590050A253;
			productRefGroup = D121E7D0297D84590050A253 /* Products */;
			projectDirPath = "";
			projectRoot = "";
			targets = (
				D121E7CE297D84590050A253 /* Lab_1 */,
			);
		};
/* End PBXProject section */

/* Begin PBXResourcesBuildPhase section */
		D121E7CD297D84590050A253 /* Resources */ = {
			isa = PBXResourcesBuildPhase;
			buildActionMask = 2147483647;
			files = (
				D121E807297D8B9E0050A253 /* startButton.png in Resources */,
				D121E81A297DDE060050A253 /* ocean.png in Resources */,
				D121E800297D8B9E0050A253 /* plane1.png in Resources */,
				D121E7DE297D84590050A253 /* Main.storyboard in Resources */,
				D121E803297D8B9E0050A253 /* island.png in Resources */,
				D121E805297D8B9E0050A253 /* cloud.png in Resources */,
				D121E809297D8B9E0050A253 /* yay.ogg in Resources */,
				D121E7FE297D8B9E0050A253 /* plane3.png in Resources */,
				D121E7D5297D84590050A253 /* GameScene.sks in Resources */,
				D121E80A297D8B9E0050A253 /* engine.ogg in Resources */,
				D121E7FF297D8B9E0050A253 /* plane2.png in Resources */,
				D121E802297D8B9E0050A253 /* plane.png in Resources */,
				D121E80D297D8B9E0050A253 /* yay.mp3 in Resources */,
				D121E7E0297D845A0050A253 /* Assets.xcassets in Resources */,
				D121E801297D8B9E0050A253 /* backButton.png in Resources */,
				D121E7E3297D845A0050A253 /* LaunchScreen.storyboard in Resources */,
				D121E80C297D8B9E0050A253 /* thunder.mp3 in Resources */,
				D121E806297D8B9E0050A253 /* nextButton.png in Resources */,
				D121E80E297D8B9E0050A253 /* Dock51.ttf in Resources */,
				D121E80B297D8B9E0050A253 /* engine.mp3 in Resources */,
				D121E808297D8B9E0050A253 /* thunder.ogg in Resources */,
			);
			runOnlyForDeploymentPostprocessing = 0;
		};
/* End PBXResourcesBuildPhase section */

/* Begin PBXSourcesBuildPhase section */
		D121E7CB297D84590050A253 /* Sources */ = {
			isa = PBXSourcesBuildPhase;
			buildActionMask = 2147483647;
			files = (
				D121E813297DD43E0050A253 /* GameObject.swift in Sources */,
				D121E815297DDAC80050A253 /* GameProtocol.swift in Sources */,
				D121E7D9297D84590050A253 /* GameScene.swift in Sources */,
				D121E7DB297D84590050A253 /* GameViewController.swift in Sources */,
				D121E81C297DE5CA0050A253 /* Player.swift in Sources */,
				D121E818297DDCFD0050A253 /* Ocean1.swift in Sources */,
				D121E7D3297D84590050A253 /* AppDelegate.swift in Sources */,
			);
			runOnlyForDeploymentPostprocessing = 0;
		};
/* End PBXSourcesBuildPhase section */

/* Begin PBXVariantGroup section */
		D121E7DC297D84590050A253 /* Main.storyboard */ = {
			isa = PBXVariantGroup;
			children = (
				D121E7DD297D84590050A253 /* Base */,
			);
			name = Main.storyboard;
			sourceTree = "<group>";
		};
		D121E7E1297D845A0050A253 /* LaunchScreen.storyboard */ = {
			isa = PBXVariantGroup;
			children = (
				D121E7E2297D845A0050A253 /* Base */,
			);
			name = LaunchScreen.storyboard;
			sourceTree = "<group>";
		};
/* End PBXVariantGroup section */

/* Begin XCBuildConfiguration section */
		D121E7E4297D845A0050A253 /* Debug */ = {
			isa = XCBuildConfiguration;
			buildSettings = {
				ALWAYS_SEARCH_USER_PATHS = NO;
				CLANG_ANALYZER_NONNULL = YES;
				CLANG_ANALYZER_NUMBER_OBJECT_CONVERSION = YES_AGGRESSIVE;
				CLANG_CXX_LANGUAGE_STANDARD = "gnu++20";
				CLANG_ENABLE_MODULES = YES;
				CLANG_ENABLE_OBJC_ARC = YES;
				CLANG_ENABLE_OBJC_WEAK = YES;
				CLANG_WARN_BLOCK_CAPTURE_AUTORELEASING = YES;
				CLANG_WARN_BOOL_CONVERSION = YES;
				CLANG_WARN_COMMA = YES;
				CLANG_WARN_CONSTANT_CONVERSION = YES;
				CLANG_WARN_DEPRECATED_OBJC_IMPLEMENTATIONS = YES;
				CLANG_WARN_DIRECT_OBJC_ISA_USAGE = YES_ERROR;
				CLANG_WARN_DOCUMENTATION_COMMENTS = YES;
				CLANG_WARN_EMPTY_BODY = YES;
				CLANG_WARN_ENUM_CONVERSION = YES;
				CLANG_WARN_INFINITE_RECURSION = YES;
				CLANG_WARN_INT_CONVERSION = YES;
				CLANG_WARN_NON_LITERAL_NULL_CONVERSION = YES;
				CLANG_WARN_OBJC_IMPLICIT_RETAIN_SELF = YES;
				CLANG_WARN_OBJC_LITERAL_CONVERSION = YES;
				CLANG_WARN_OBJC_ROOT_CLASS = YES_ERROR;
				CLANG_WARN_QUOTED_INCLUDE_IN_FRAMEWORK_HEADER = YES;
				CLANG_WARN_RANGE_LOOP_ANALYSIS = YES;
				CLANG_WARN_STRICT_PROTOTYPES = YES;
				CLANG_WARN_SUSPICIOUS_MOVE = YES;
				CLANG_WARN_UNGUARDED_AVAILABILITY = YES_AGGRESSIVE;
				CLANG_WARN_UNREACHABLE_CODE = YES;
				CLANG_WARN__DUPLICATE_METHOD_MATCH = YES;
				COPY_PHASE_STRIP = NO;
				DEBUG_INFORMATION_FORMAT = dwarf;
				ENABLE_STRICT_OBJC_MSGSEND = YES;
				ENABLE_TESTABILITY = YES;
				GCC_C_LANGUAGE_STANDARD = gnu11;
				GCC_DYNAMIC_NO_PIC = NO;
				GCC_NO_COMMON_BLOCKS = YES;
				GCC_OPTIMIZATION_LEVEL = 0;
				GCC_PREPROCESSOR_DEFINITIONS = (
					"DEBUG=1",
					"$(inherited)",
				);
				GCC_WARN_64_TO_32_BIT_CONVERSION = YES;
				GCC_WARN_ABOUT_RETURN_TYPE = YES_ERROR;
				GCC_WARN_UNDECLARED_SELECTOR = YES;
				GCC_WARN_UNINITIALIZED_AUTOS = YES_AGGRESSIVE;
				GCC_WARN_UNUSED_FUNCTION = YES;
				GCC_WARN_UNUSED_VARIABLE = YES;
				IPHONEOS_DEPLOYMENT_TARGET = 16.2;
				MTL_ENABLE_DEBUG_INFO = INCLUDE_SOURCE;
				MTL_FAST_MATH = YES;
				ONLY_ACTIVE_ARCH = YES;
				SDKROOT = iphoneos;
				SWIFT_ACTIVE_COMPILATION_CONDITIONS = DEBUG;
				SWIFT_OPTIMIZATION_LEVEL = "-Onone";
			};
			name = Debug;
		};
		D121E7E5297D845A0050A253 /* Release */ = {
			isa = XCBuildConfiguration;
			buildSettings = {
				ALWAYS_SEARCH_USER_PATHS = NO;
				CLANG_ANALYZER_NONNULL = YES;
				CLANG_ANALYZER_NUMBER_OBJECT_CONVERSION = YES_AGGRESSIVE;
				CLANG_CXX_LANGUAGE_STANDARD = "gnu++20";
				CLANG_ENABLE_MODULES = YES;
				CLANG_ENABLE_OBJC_ARC = YES;
				CLANG_ENABLE_OBJC_WEAK = YES;
				CLANG_WARN_BLOCK_CAPTURE_AUTORELEASING = YES;
				CLANG_WARN_BOOL_CONVERSION = YES;
				CLANG_WARN_COMMA = YES;
				CLANG_WARN_CONSTANT_CONVERSION = YES;
				CLANG_WARN_DEPRECATED_OBJC_IMPLEMENTATIONS = YES;
				CLANG_WARN_DIRECT_OBJC_ISA_USAGE = YES_ERROR;
				CLANG_WARN_DOCUMENTATION_COMMENTS = YES;
				CLANG_WARN_EMPTY_BODY = YES;
				CLANG_WARN_ENUM_CONVERSION = YES;
				CLANG_WARN_INFINITE_RECURSION = YES;
				CLANG_WARN_INT_CONVERSION = YES;
				CLANG_WARN_NON_LITERAL_NULL_CONVERSION = YES;
				CLANG_WARN_OBJC_IMPLICIT_RETAIN_SELF = YES;
				CLANG_WARN_OBJC_LITERAL_CONVERSION = YES;
				CLANG_WARN_OBJC_ROOT_CLASS = YES_ERROR;
				CLANG_WARN_QUOTED_INCLUDE_IN_FRAMEWORK_HEADER = YES;
				CLANG_WARN_RANGE_LOOP_ANALYSIS = YES;
				CLANG_WARN_STRICT_PROTOTYPES = YES;
				CLANG_WARN_SUSPICIOUS_MOVE = YES;
				CLANG_WARN_UNGUARDED_AVAILABILITY = YES_AGGRESSIVE;
				CLANG_WARN_UNREACHABLE_CODE = YES;
				CLANG_WARN__DUPLICATE_METHOD_MATCH = YES;
				COPY_PHASE_STRIP = NO;
				DEBUG_INFORMATION_FORMAT = "dwarf-with-dsym";
				ENABLE_NS_ASSERTIONS = NO;
				ENABLE_STRICT_OBJC_MSGSEND = YES;
				GCC_C_LANGUAGE_STANDARD = gnu11;
				GCC_NO_COMMON_BLOCKS = YES;
				GCC_WARN_64_TO_32_BIT_CONVERSION = YES;
				GCC_WARN_ABOUT_RETURN_TYPE = YES_ERROR;
				GCC_WARN_UNDECLARED_SELECTOR = YES;
				GCC_WARN_UNINITIALIZED_AUTOS = YES_AGGRESSIVE;
				GCC_WARN_UNUSED_FUNCTION = YES;
				GCC_WARN_UNUSED_VARIABLE = YES;
				IPHONEOS_DEPLOYMENT_TARGET = 16.2;
				MTL_ENABLE_DEBUG_INFO = NO;
				MTL_FAST_MATH = YES;
				SDKROOT = iphoneos;
				SWIFT_COMPILATION_MODE = wholemodule;
				SWIFT_OPTIMIZATION_LEVEL = "-O";
				VALIDATE_PRODUCT = YES;
			};
			name = Release;
		};
		D121E7E7297D845A0050A253 /* Debug */ = {
			isa = XCBuildConfiguration;
			buildSettings = {
				ASSETCATALOG_COMPILER_APPICON_NAME = AppIcon;
				ASSETCATALOG_COMPILER_GLOBAL_ACCENT_COLOR_NAME = AccentColor;
				CODE_SIGN_STYLE = Automatic;
				CURRENT_PROJECT_VERSION = 1;
				GENERATE_INFOPLIST_FILE = YES;
				INFOPLIST_KEY_UIApplicationSupportsIndirectInputEvents = YES;
				INFOPLIST_KEY_UILaunchStoryboardName = LaunchScreen;
				INFOPLIST_KEY_UIMainStoryboardFile = Main;
				INFOPLIST_KEY_UIStatusBarHidden = YES;
				INFOPLIST_KEY_UISupportedInterfaceOrientations_iPad = "UIInterfaceOrientationPortrait UIInterfaceOrientationPortraitUpsideDown UIInterfaceOrientationLandscapeLeft UIInterfaceOrientationLandscapeRight";
				INFOPLIST_KEY_UISupportedInterfaceOrientations_iPhone = "UIInterfaceOrientationPortrait UIInterfaceOrientationLandscapeLeft UIInterfaceOrientationLandscapeRight";
				LD_RUNPATH_SEARCH_PATHS = (
					"$(inherited)",
					"@executable_path/Frameworks",
				);
				MARKETING_VERSION = 1.0;
				PRODUCT_BUNDLE_IDENTIFIER = "ca.centennial.college.Lab-1";
				PRODUCT_NAME = "$(TARGET_NAME)";
				SWIFT_EMIT_LOC_STRINGS = YES;
				SWIFT_VERSION = 5.0;
				TARGETED_DEVICE_FAMILY = "1,2";
			};
			name = Debug;
		};
		D121E7E8297D845A0050A253 /* Release */ = {
			isa = XCBuildConfiguration;
			buildSettings = {
				ASSETCATALOG_COMPILER_APPICON_NAME = AppIcon;
				ASSETCATALOG_COMPILER_GLOBAL_ACCENT_COLOR_NAME = AccentColor;
				CODE_SIGN_STYLE = Automatic;
				CURRENT_PROJECT_VERSION = 1;
				GENERATE_INFOPLIST_FILE = YES;
				INFOPLIST_KEY_UIApplicationSupportsIndirectInputEvents = YES;
				INFOPLIST_KEY_UILaunchStoryboardName = LaunchScreen;
				INFOPLIST_KEY_UIMainStoryboardFile = Main;
				INFOPLIST_KEY_UIStatusBarHidden = YES;
				INFOPLIST_KEY_UISupportedInterfaceOrientations_iPad = "UIInterfaceOrientationPortrait UIInterfaceOrientationPortraitUpsideDown UIInterfaceOrientationLandscapeLeft UIInterfaceOrientationLandscapeRight";
				INFOPLIST_KEY_UISupportedInterfaceOrientations_iPhone = "UIInterfaceOrientationPortrait UIInterfaceOrientationLandscapeLeft UIInterfaceOrientationLandscapeRight";
				LD_RUNPATH_SEARCH_PATHS = (
					"$(inherited)",
					"@executable_path/Frameworks",
				);
				MARKETING_VERSION = 1.0;
				PRODUCT_BUNDLE_IDENTIFIER = "ca.centennial.college.Lab-1";
				PRODUCT_NAME = "$(TARGET_NAME)";
				SWIFT_EMIT_LOC_STRINGS = YES;
				SWIFT_VERSION = 5.0;
				TARGETED_DEVICE_FAMILY = "1,2";
			};
			name = Release;
		};
/* End XCBuildConfiguration section */

/* Begin XCConfigurationList section */
		D121E7CA297D84590050A253 /* Build configuration list for PBXProject "Lab_1" */ = {
			isa = XCConfigurationList;
			buildConfigurations = (
				D121E7E4297D845A0050A253 /* Debug */,
				D121E7E5297D845A0050A253 /* Release */,
			);
			defaultConfigurationIsVisible = 0;
			defaultConfigurationName = Release;
		};
		D121E7E6297D845A0050A253 /* Build configuration list for PBXNativeTarget "Lab_1" */ = {
			isa = XCConfigurationList;
			buildConfigurations = (
				D121E7E7297D845A0050A253 /* Debug */,
				D121E7E8297D845A0050A253 /* Release */,
			);
			defaultConfigurationIsVisible = 0;
			defaultConfigurationName = Release;
		};
/* End XCConfigurationList section */
	};
	rootObject = D121E7C7297D84590050A253 /* Project object */;
}
